
Microsoft Visual Studio Solution File, Format Version 12.00
# Visual Studio 14
VisualStudioVersion = 14.0.25420.1
MinimumVisualStudioVersion = 10.0.40219.1
Project("{8BC9CEB8-8B4A-11D0-8D11-00A0C91BC942}") = "test_db_connection", "test_db_connection\test_db_connection.vcxproj", "{72ABB310-EFFE-428D-92CF-26A16AA8A9CE}"
EndProject
Project("{8BC9CEB8-8B4A-11D0-8D11-00A0C91BC942}") = "test_http_connection", "test_http_connection\test_http_connection.vcxproj", "{9E84F06A-B2FF-44EA-9997-7A060BFC7575}"
EndProject
Project("{8BC9CEB8-8B4A-11D0-8D11-00A0C91BC942}") = "load_into_database", "load_into_database\load_into_database.vcxproj", "{F3D3B7E1-0B42-457B-8619-F2488723EE9A}"
EndProject
Project("{8BC9CEB8-8B4A-11D0-8D11-00A0C91BC942}") = "test_new_classes", "test_new_classes\test_new_classes.vcxproj", "{F013CFFB-B522-44EA-9199-B3012AAB4852}"
EndProject
Project("{8BC9CEB8-8B4A-11D0-8D11-00A0C91BC942}") = "retrieve_aisles", "retrieve_aisles\retrieve_aisles.vcxproj", "{57172C7A-ADF5-4813-8775-C314806B8BC3}"
EndProject
Global
	GlobalSection(SolutionConfigurationPlatforms) = preSolution
		Debug|ARM = Debug|ARM
		Debug|x64 = Debug|x64
		Debug|x86 = Debug|x86
		Release|ARM = Release|ARM
		Release|x64 = Release|x64
		Release|x86 = Release|x86
	EndGlobalSection
	GlobalSection(ProjectConfigurationPlatforms) = postSolution
		{72ABB310-EFFE-428D-92CF-26A16AA8A9CE}.Debug|ARM.ActiveCfg = Debug|ARM
		{72ABB310-EFFE-428D-92CF-26A16AA8A9CE}.Debug|ARM.Build.0 = Debug|ARM
		{72ABB310-EFFE-428D-92CF-26A16AA8A9CE}.Debug|x64.ActiveCfg = Debug|x64
		{72ABB310-EFFE-428D-92CF-26A16AA8A9CE}.Debug|x64.Build.0 = Debug|x64
		{72ABB310-EFFE-428D-92CF-26A16AA8A9CE}.Debug|x86.ActiveCfg = Debug|x86
		{72ABB310-EFFE-428D-92CF-26A16AA8A9CE}.Debug|x86.Build.0 = Debug|x86
		{72ABB310-EFFE-428D-92CF-26A16AA8A9CE}.Release|ARM.ActiveCfg = Release|ARM
		{72ABB310-EFFE-428D-92CF-26A16AA8A9CE}.Release|ARM.Build.0 = Release|ARM
		{72ABB310-EFFE-428D-92CF-26A16AA8A9CE}.Release|x64.ActiveCfg = Release|x64
		{72ABB310-EFFE-428D-92CF-26A16AA8A9CE}.Release|x64.Build.0 = Release|x64
		{72ABB310-EFFE-428D-92CF-26A16AA8A9CE}.Release|x86.ActiveCfg = Release|x86
		{72ABB310-EFFE-428D-92CF-26A16AA8A9CE}.Release|x86.Build.0 = Release|x86
		{9E84F06A-B2FF-44EA-9997-7A060BFC7575}.Debug|ARM.ActiveCfg = Debug|ARM
		{9E84F06A-B2FF-44EA-9997-7A060BFC7575}.Debug|ARM.Build.0 = Debug|ARM
		{9E84F06A-B2FF-44EA-9997-7A060BFC7575}.Debug|x64.ActiveCfg = Debug|x64
		{9E84F06A-B2FF-44EA-9997-7A060BFC7575}.Debug|x64.Build.0 = Debug|x64
		{9E84F06A-B2FF-44EA-9997-7A060BFC7575}.Debug|x86.ActiveCfg = Debug|x86
		{9E84F06A-B2FF-44EA-9997-7A060BFC7575}.Debug|x86.Build.0 = Debug|x86
		{9E84F06A-B2FF-44EA-9997-7A060BFC7575}.Release|ARM.ActiveCfg = Release|ARM
		{9E84F06A-B2FF-44EA-9997-7A060BFC7575}.Release|ARM.Build.0 = Release|ARM
		{9E84F06A-B2FF-44EA-9997-7A060BFC7575}.Release|x64.ActiveCfg = Release|x64
		{9E84F06A-B2FF-44EA-9997-7A060BFC7575}.Release|x64.Build.0 = Release|x64
		{9E84F06A-B2FF-44EA-9997-7A060BFC7575}.Release|x86.ActiveCfg = Release|x86
		{9E84F06A-B2FF-44EA-9997-7A060BFC7575}.Release|x86.Build.0 = Release|x86
		{F3D3B7E1-0B42-457B-8619-F2488723EE9A}.Debug|ARM.ActiveCfg = Debug|ARM
		{F3D3B7E1-0B42-457B-8619-F2488723EE9A}.Debug|ARM.Build.0 = Debug|ARM
		{F3D3B7E1-0B42-457B-8619-F2488723EE9A}.Debug|x64.ActiveCfg = Debug|x64
		{F3D3B7E1-0B42-457B-8619-F2488723EE9A}.Debug|x64.Build.0 = Debug|x64
		{F3D3B7E1-0B42-457B-8619-F2488723EE9A}.Debug|x86.ActiveCfg = Debug|x86
		{F3D3B7E1-0B42-457B-8619-F2488723EE9A}.Debug|x86.Build.0 = Debug|x86
		{F3D3B7E1-0B42-457B-8619-F2488723EE9A}.Release|ARM.ActiveCfg = Release|ARM
		{F3D3B7E1-0B42-457B-8619-F2488723EE9A}.Release|ARM.Build.0 = Release|ARM
		{F3D3B7E1-0B42-457B-8619-F2488723EE9A}.Release|x64.ActiveCfg = Release|x64
		{F3D3B7E1-0B42-457B-8619-F2488723EE9A}.Release|x64.Build.0 = Release|x64
		{F3D3B7E1-0B42-457B-8619-F2488723EE9A}.Release|x86.ActiveCfg = Release|x86
		{F3D3B7E1-0B42-457B-8619-F2488723EE9A}.Release|x86.Build.0 = Release|x86
		{F013CFFB-B522-44EA-9199-B3012AAB4852}.Debug|ARM.ActiveCfg = Debug|ARM
		{F013CFFB-B522-44EA-9199-B3012AAB4852}.Debug|ARM.Build.0 = Debug|ARM
		{F013CFFB-B522-44EA-9199-B3012AAB4852}.Debug|x64.ActiveCfg = Debug|x64
		{F013CFFB-B522-44EA-9199-B3012AAB4852}.Debug|x64.Build.0 = Debug|x64
		{F013CFFB-B522-44EA-9199-B3012AAB4852}.Debug|x86.ActiveCfg = Debug|x86
		{F013CFFB-B522-44EA-9199-B3012AAB4852}.Debug|x86.Build.0 = Debug|x86
		{F013CFFB-B522-44EA-9199-B3012AAB4852}.Release|ARM.ActiveCfg = Release|ARM
		{F013CFFB-B522-44EA-9199-B3012AAB4852}.Release|ARM.Build.0 = Release|ARM
		{F013CFFB-B522-44EA-9199-B3012AAB4852}.Release|x64.ActiveCfg = Release|x64
		{F013CFFB-B522-44EA-9199-B3012AAB4852}.Release|x64.Build.0 = Release|x64
		{F013CFFB-B522-44EA-9199-B3012AAB4852}.Release|x86.ActiveCfg = Release|x86
		{F013CFFB-B522-44EA-9199-B3012AAB4852}.Release|x86.Build.0 = Release|x86
		{57172C7A-ADF5-4813-8775-C314806B8BC3}.Debug|ARM.ActiveCfg = Debug|ARM
		{57172C7A-ADF5-4813-8775-C314806B8BC3}.Debug|ARM.Build.0 = Debug|ARM
		{57172C7A-ADF5-4813-8775-C314806B8BC3}.Debug|x64.ActiveCfg = Debug|x64
		{57172C7A-ADF5-4813-8775-C314806B8BC3}.Debug|x64.Build.0 = Debug|x64
		{57172C7A-ADF5-4813-8775-C314806B8BC3}.Debug|x86.ActiveCfg = Debug|x86
		{57172C7A-ADF5-4813-8775-C314806B8BC3}.Debug|x86.Build.0 = Debug|x86
		{57172C7A-ADF5-4813-8775-C314806B8BC3}.Release|ARM.ActiveCfg = Release|ARM
		{57172C7A-ADF5-4813-8775-C314806B8BC3}.Release|ARM.Build.0 = Release|ARM
		{57172C7A-ADF5-4813-8775-C314806B8BC3}.Release|x64.ActiveCfg = Release|x64
		{57172C7A-ADF5-4813-8775-C314806B8BC3}.Release|x64.Build.0 = Release|x64
		{57172C7A-ADF5-4813-8775-C314806B8BC3}.Release|x86.ActiveCfg = Release|x86
		{57172C7A-ADF5-4813-8775-C314806B8BC3}.Release|x86.Build.0 = Release|x86
	EndGlobalSection
	GlobalSection(SolutionProperties) = preSolution
		HideSolutionNode = FALSE
	EndGlobalSection
EndGlobal
